lockfileVersion: '9.0'

settings:
  autoInstallPeers: true
  excludeLinksFromLockfile: false

importers:

  .:
    devDependencies:
      bun:
        specifier: ^1.1.27
        version: 1.1.27

packages:

  '@oven/bun-darwin-aarch64@1.1.27':
    resolution: {integrity: sha512-h5Mf2+AESEtHHGRdSDQgDU7TY2vMPMeAuwkf/XPMDpaS+EoIUFayj1CXShB25gT16uw/ww/Pl3LaN0sN0tcWhQ==}
    cpu: [arm64]
    os: [darwin]

  '@oven/bun-darwin-x64-baseline@1.1.27':
    resolution: {integrity: sha512-Ld+FBW3VUzGOI9QhsQKnaiYinGcOQg83NpagoeyMASozFJEMyDEr/jxA5KxoSEJRChQrGZowq/7IfoPIcJZIUA==}
    cpu: [x64]
    os: [darwin]

  '@oven/bun-darwin-x64@1.1.27':
    resolution: {integrity: sha512-l+uAcE0kh4+c2VUwKvSpsHFQbzR2eLxGKhONa4AJBNVW4UXIpSdH12Qj9fG4Xqgq7s26zs32jPsl2C2NQsmRag==}
    cpu: [x64]
    os: [darwin]

  '@oven/bun-linux-aarch64@1.1.27':
    resolution: {integrity: sha512-4oaNlx07SFxhO26Lm2cfRjozEQX/qRoWFhnz+EFLlGPUPLB2cNmXCVMtmXJep0u4Jub5pGK9yISwNT1voZ6KMg==}
    cpu: [arm64]
    os: [linux]

  '@oven/bun-linux-x64-baseline@1.1.27':
    resolution: {integrity: sha512-495DOwgzpr/0ta/AaSRYb7EJeAEAf38cBOUO6oJzCxT5NdWRbZeAo5bmqcrBke1AexnKPA7RUN9Z5+t1TvqjtQ==}
    cpu: [x64]
    os: [linux]

  '@oven/bun-linux-x64@1.1.27':
    resolution: {integrity: sha512-ktplW245+ke0GIKdBEzZisZ4mwAqdPYmW3RzhDPGB7193jVmaAE1YVUscrWkTAdfl6YMGb99IXThrhcXSddeAw==}
    cpu: [x64]
    os: [linux]

  '@oven/bun-windows-x64-baseline@1.1.27':
    resolution: {integrity: sha512-Qfn80kb9eDZaecCVVVxFpNfuHvo7h4yQlh278u9Vs0vSrHTYG4dxoH4SWkZSzHa44ZwKRpa1TmMfDVhX/HE+mA==}
    cpu: [x64]
    os: [win32]

  '@oven/bun-windows-x64@1.1.27':
    resolution: {integrity: sha512-LIZRqlyLpMEkmbsA+d/GmQnEdJzMGlFRlVtdQnyjTskW+uMv+lBHmWu7CkdcCCVPtf6wRDYgdkjpQOAw1wle5g==}
    cpu: [x64]
    os: [win32]

  bun@1.1.27:
    resolution: {integrity: sha512-FLnMaOuVVuhjPIfmlRtAE42B2x+oSWO6jW8MZ/Ss179qokN//nzIhuj/07bdA016U6d11HyLvvGb6eaH0HKhBQ==}
    cpu: [arm64, x64]
    os: [darwin, linux, win32]
    hasBin: true

snapshots:

  '@oven/bun-darwin-aarch64@1.1.27':
    optional: true

  '@oven/bun-darwin-x64-baseline@1.1.27':
    optional: true

  '@oven/bun-darwin-x64@1.1.27':
    optional: true

  '@oven/bun-linux-aarch64@1.1.27':
    optional: true

  '@oven/bun-linux-x64-baseline@1.1.27':
    optional: true

  '@oven/bun-linux-x64@1.1.27':
    optional: true

  '@oven/bun-windows-x64-baseline@1.1.27':
    optional: true

  '@oven/bun-windows-x64@1.1.27':
    optional: true

  bun@1.1.27:
    optionalDependencies:
      '@oven/bun-darwin-aarch64': 1.1.27
      '@oven/bun-darwin-x64': 1.1.27
      '@oven/bun-darwin-x64-baseline': 1.1.27
      '@oven/bun-linux-aarch64': 1.1.27
      '@oven/bun-linux-x64': 1.1.27
      '@oven/bun-linux-x64-baseline': 1.1.27
      '@oven/bun-windows-x64': 1.1.27
      '@oven/bun-windows-x64-baseline': 1.1.27
